
Microsoft Visual Studio Solution File, Format Version 12.00
# Visual Studio Version 17
VisualStudioVersion = 17.7.34009.444
MinimumVisualStudioVersion = 10.0.40219.1
Project("{2150E333-8FDC-42A3-9474-1A3956D46DE8}") = "Services", "Services", "{02EA681E-C7D8-13C7-8484-4AC65E1B71E8}"
EndProject
Project("{2150E333-8FDC-42A3-9474-1A3956D46DE8}") = "Catalog", "Catalog", "{55D94FF0-D00F-415C-B1F3-329E150CD13D}"
EndProject
Project("{FAE04EC0-301F-11D3-BF4B-00C04F79EFBC}") = "Catalog.Api", "Services\Catalog\Catalog.Api\Catalog.Api.csproj", "{88E14DEC-69E1-4FA7-8C8C-6F65CFDB5EF1}"
EndProject
Project("{2150E333-8FDC-42A3-9474-1A3956D46DE8}") = "BuildingBlocks", "BuildingBlocks", "{B0222BAC-017C-488D-BF38-D611701A85C4}"
EndProject
Project("{FAE04EC0-301F-11D3-BF4B-00C04F79EFBC}") = "BuildingBlocks", "BuildingBlocks\BuildingBlocks\BuildingBlocks.csproj", "{5222F7D6-43F7-4F74-93D9-BADDB2682829}"
EndProject
Project("{E53339B2-1760-4266-BCC7-CA923CBCF16C}") = "docker-compose", "docker-compose.dcproj", "{81DDED9D-158B-E303-5F62-77A2896D2A5A}"
EndProject
Project("{2150E333-8FDC-42A3-9474-1A3956D46DE8}") = "Basket", "Basket", "{29C06EF6-870D-4BE9-AB93-B3CFC5AB14E5}"
EndProject
Project("{FAE04EC0-301F-11D3-BF4B-00C04F79EFBC}") = "Basket.Api", "Services\Basket\Basket.Api\Basket.Api.csproj", "{F9CEB2D6-0262-4044-A4A1-4B02DA073E63}"
EndProject
Project("{2150E333-8FDC-42A3-9474-1A3956D46DE8}") = "Discount", "Discount", "{732EEB6E-A3CC-476C-9BAC-6578E1FA2983}"
EndProject
Project("{FAE04EC0-301F-11D3-BF4B-00C04F79EFBC}") = "Discount.Grpc", "Services\Discount\Discount.Grpc\Discount.Grpc.csproj", "{C3FEBCB3-B821-40EB-8C2C-851F15CB038A}"
EndProject
Project("{2150E333-8FDC-42A3-9474-1A3956D46DE8}") = "Ordering", "Ordering", "{11BA58D8-8EDC-47A2-BE1C-60A3780BDA3F}"
EndProject
Project("{FAE04EC0-301F-11D3-BF4B-00C04F79EFBC}") = "Ordering.Api", "Services\Ordering\Ordering.Api\Ordering.Api.csproj", "{08069FF7-F26D-4280-B431-437BC2631B6D}"
EndProject
Global
	GlobalSection(SolutionConfigurationPlatforms) = preSolution
		Debug|Any CPU = Debug|Any CPU
		Release|Any CPU = Release|Any CPU
	EndGlobalSection
	GlobalSection(ProjectConfigurationPlatforms) = postSolution
		{88E14DEC-69E1-4FA7-8C8C-6F65CFDB5EF1}.Debug|Any CPU.ActiveCfg = Debug|Any CPU
		{88E14DEC-69E1-4FA7-8C8C-6F65CFDB5EF1}.Debug|Any CPU.Build.0 = Debug|Any CPU
		{88E14DEC-69E1-4FA7-8C8C-6F65CFDB5EF1}.Release|Any CPU.ActiveCfg = Release|Any CPU
		{88E14DEC-69E1-4FA7-8C8C-6F65CFDB5EF1}.Release|Any CPU.Build.0 = Release|Any CPU
		{5222F7D6-43F7-4F74-93D9-BADDB2682829}.Debug|Any CPU.ActiveCfg = Debug|Any CPU
		{5222F7D6-43F7-4F74-93D9-BADDB2682829}.Debug|Any CPU.Build.0 = Debug|Any CPU
		{5222F7D6-43F7-4F74-93D9-BADDB2682829}.Release|Any CPU.ActiveCfg = Release|Any CPU
		{5222F7D6-43F7-4F74-93D9-BADDB2682829}.Release|Any CPU.Build.0 = Release|Any CPU
		{81DDED9D-158B-E303-5F62-77A2896D2A5A}.Debug|Any CPU.ActiveCfg = Debug|Any CPU
		{81DDED9D-158B-E303-5F62-77A2896D2A5A}.Debug|Any CPU.Build.0 = Debug|Any CPU
		{81DDED9D-158B-E303-5F62-77A2896D2A5A}.Release|Any CPU.ActiveCfg = Release|Any CPU
		{81DDED9D-158B-E303-5F62-77A2896D2A5A}.Release|Any CPU.Build.0 = Release|Any CPU
		{F9CEB2D6-0262-4044-A4A1-4B02DA073E63}.Debug|Any CPU.ActiveCfg = Debug|Any CPU
		{F9CEB2D6-0262-4044-A4A1-4B02DA073E63}.Debug|Any CPU.Build.0 = Debug|Any CPU
		{F9CEB2D6-0262-4044-A4A1-4B02DA073E63}.Release|Any CPU.ActiveCfg = Release|Any CPU
		{F9CEB2D6-0262-4044-A4A1-4B02DA073E63}.Release|Any CPU.Build.0 = Release|Any CPU
		{C3FEBCB3-B821-40EB-8C2C-851F15CB038A}.Debug|Any CPU.ActiveCfg = Debug|Any CPU
		{C3FEBCB3-B821-40EB-8C2C-851F15CB038A}.Debug|Any CPU.Build.0 = Debug|Any CPU
		{C3FEBCB3-B821-40EB-8C2C-851F15CB038A}.Release|Any CPU.ActiveCfg = Release|Any CPU
		{C3FEBCB3-B821-40EB-8C2C-851F15CB038A}.Release|Any CPU.Build.0 = Release|Any CPU
		{08069FF7-F26D-4280-B431-437BC2631B6D}.Debug|Any CPU.ActiveCfg = Debug|Any CPU
		{08069FF7-F26D-4280-B431-437BC2631B6D}.Debug|Any CPU.Build.0 = Debug|Any CPU
		{08069FF7-F26D-4280-B431-437BC2631B6D}.Release|Any CPU.ActiveCfg = Release|Any CPU
		{08069FF7-F26D-4280-B431-437BC2631B6D}.Release|Any CPU.Build.0 = Release|Any CPU
	EndGlobalSection
	GlobalSection(SolutionProperties) = preSolution
		HideSolutionNode = FALSE
	EndGlobalSection
	GlobalSection(NestedProjects) = preSolution
		{55D94FF0-D00F-415C-B1F3-329E150CD13D} = {02EA681E-C7D8-13C7-8484-4AC65E1B71E8}
		{88E14DEC-69E1-4FA7-8C8C-6F65CFDB5EF1} = {55D94FF0-D00F-415C-B1F3-329E150CD13D}
		{5222F7D6-43F7-4F74-93D9-BADDB2682829} = {B0222BAC-017C-488D-BF38-D611701A85C4}
		{29C06EF6-870D-4BE9-AB93-B3CFC5AB14E5} = {02EA681E-C7D8-13C7-8484-4AC65E1B71E8}
		{F9CEB2D6-0262-4044-A4A1-4B02DA073E63} = {29C06EF6-870D-4BE9-AB93-B3CFC5AB14E5}
		{732EEB6E-A3CC-476C-9BAC-6578E1FA2983} = {02EA681E-C7D8-13C7-8484-4AC65E1B71E8}
		{C3FEBCB3-B821-40EB-8C2C-851F15CB038A} = {732EEB6E-A3CC-476C-9BAC-6578E1FA2983}
		{11BA58D8-8EDC-47A2-BE1C-60A3780BDA3F} = {02EA681E-C7D8-13C7-8484-4AC65E1B71E8}
		{08069FF7-F26D-4280-B431-437BC2631B6D} = {11BA58D8-8EDC-47A2-BE1C-60A3780BDA3F}
	EndGlobalSection
	GlobalSection(ExtensibilityGlobals) = postSolution
		SolutionGuid = {5B726791-0C72-4A2C-BB45-1031372B993E}
	EndGlobalSection
EndGlobal
